// !$*UTF8*$!
{
	archiveVersion = 1;
	classes = {
	};
	objectVersion = 56;
	objects = {

/* Begin PBXBuildFile section */
		B7B372572B41B17F00D81D07 /* RootApp.swift in Sources */ = {isa = PBXBuildFile; fileRef = B7B372562B41B17F00D81D07 /* RootApp.swift */; };
		B7B372592B41B17F00D81D07 /* HomeView.swift in Sources */ = {isa = PBXBuildFile; fileRef = B7B372582B41B17F00D81D07 /* HomeView.swift */; };
		B7B3725B2B41B18000D81D07 /* Assets.xcassets in Resources */ = {isa = PBXBuildFile; fileRef = B7B3725A2B41B18000D81D07 /* Assets.xcassets */; };
		B7B3725E2B41B18000D81D07 /* Preview Assets.xcassets in Resources */ = {isa = PBXBuildFile; fileRef = B7B3725D2B41B18000D81D07 /* Preview Assets.xcassets */; };
		B7B372682B41B18000D81D07 /* LiarGameTests.swift in Sources */ = {isa = PBXBuildFile; fileRef = B7B372672B41B18000D81D07 /* LiarGameTests.swift */; };
		B7B372722B41B18000D81D07 /* LiarGameUITests.swift in Sources */ = {isa = PBXBuildFile; fileRef = B7B372712B41B18000D81D07 /* LiarGameUITests.swift */; };
		B7B372742B41B18000D81D07 /* LiarGameUITestsLaunchTests.swift in Sources */ = {isa = PBXBuildFile; fileRef = B7B372732B41B18000D81D07 /* LiarGameUITestsLaunchTests.swift */; };
		B7B372892B41C11200D81D07 /* CornerButton.swift in Sources */ = {isa = PBXBuildFile; fileRef = B7B372882B41C11200D81D07 /* CornerButton.swift */; };
		B7B3728F2B41C9FC00D81D07 /* HomeViewModel.swift in Sources */ = {isa = PBXBuildFile; fileRef = B7B3728E2B41C9FC00D81D07 /* HomeViewModel.swift */; };
		B7B372932B41CAC700D81D07 /* LiarPath.swift in Sources */ = {isa = PBXBuildFile; fileRef = B7B372922B41CAC700D81D07 /* LiarPath.swift */; };
		B7B372972B41CC9C00D81D07 /* CreateRoomView.swift in Sources */ = {isa = PBXBuildFile; fileRef = B7B372962B41CC9C00D81D07 /* CreateRoomView.swift */; };
		B7B372992B41CCA300D81D07 /* ConnectRoomView.swift in Sources */ = {isa = PBXBuildFile; fileRef = B7B372982B41CCA300D81D07 /* ConnectRoomView.swift */; };
		B7B3729C2B41CE3B00D81D07 /* CustomNaivgationBar.swift in Sources */ = {isa = PBXBuildFile; fileRef = B7B3729B2B41CE3B00D81D07 /* CustomNaivgationBar.swift */; };
		B7CD8D2C2B48437200E1DB20 /* InfoSettingTextField.swift in Sources */ = {isa = PBXBuildFile; fileRef = B7CD8D2B2B48437200E1DB20 /* InfoSettingTextField.swift */; };
		B7CD8D2E2B4843ED00E1DB20 /* CreateRoomViewModel.swift in Sources */ = {isa = PBXBuildFile; fileRef = B7CD8D2D2B4843ED00E1DB20 /* CreateRoomViewModel.swift */; };
		B7CD8D302B484D2700E1DB20 /* ConnectRoomViewModel.swift in Sources */ = {isa = PBXBuildFile; fileRef = B7CD8D2F2B484D2700E1DB20 /* ConnectRoomViewModel.swift */; };
		B7CD8D342B49311E00E1DB20 /* Socket in Frameworks */ = {isa = PBXBuildFile; productRef = B7CD8D332B49311E00E1DB20 /* Socket */; };
		B7CD8D372B49617900E1DB20 /* ChatRoomView.swift in Sources */ = {isa = PBXBuildFile; fileRef = B7CD8D362B49617900E1DB20 /* ChatRoomView.swift */; };
		B7CD8D392B49617F00E1DB20 /* ChatRoomViewModel.swift in Sources */ = {isa = PBXBuildFile; fileRef = B7CD8D382B49617F00E1DB20 /* ChatRoomViewModel.swift */; };
		B7CD8D3B2B497E1500E1DB20 /* User.swift in Sources */ = {isa = PBXBuildFile; fileRef = B7CD8D3A2B497E1500E1DB20 /* User.swift */; };
/* End PBXBuildFile section */

/* Begin PBXContainerItemProxy section */
		B7B372642B41B18000D81D07 /* PBXContainerItemProxy */ = {
			isa = PBXContainerItemProxy;
			containerPortal = B7B3724B2B41B17F00D81D07 /* Project object */;
			proxyType = 1;
			remoteGlobalIDString = B7B372522B41B17F00D81D07;
			remoteInfo = LiarGame;
		};
		B7B3726E2B41B18000D81D07 /* PBXContainerItemProxy */ = {
			isa = PBXContainerItemProxy;
			containerPortal = B7B3724B2B41B17F00D81D07 /* Project object */;
			proxyType = 1;
			remoteGlobalIDString = B7B372522B41B17F00D81D07;
			remoteInfo = LiarGame;
		};
/* End PBXContainerItemProxy section */

/* Begin PBXFileReference section */
		B7B372532B41B17F00D81D07 /* LiarGame.app */ = {isa = PBXFileReference; explicitFileType = wrapper.application; includeInIndex = 0; path = LiarGame.app; sourceTree = BUILT_PRODUCTS_DIR; };
		B7B372562B41B17F00D81D07 /* RootApp.swift */ = {isa = PBXFileReference; lastKnownFileType = sourcecode.swift; path = RootApp.swift; sourceTree = "<group>"; };
		B7B372582B41B17F00D81D07 /* HomeView.swift */ = {isa = PBXFileReference; lastKnownFileType = sourcecode.swift; path = HomeView.swift; sourceTree = "<group>"; };
		B7B3725A2B41B18000D81D07 /* Assets.xcassets */ = {isa = PBXFileReference; lastKnownFileType = folder.assetcatalog; path = Assets.xcassets; sourceTree = "<group>"; };
		B7B3725D2B41B18000D81D07 /* Preview Assets.xcassets */ = {isa = PBXFileReference; lastKnownFileType = folder.assetcatalog; path = "Preview Assets.xcassets"; sourceTree = "<group>"; };
		B7B372632B41B18000D81D07 /* LiarGameTests.xctest */ = {isa = PBXFileReference; explicitFileType = wrapper.cfbundle; includeInIndex = 0; path = LiarGameTests.xctest; sourceTree = BUILT_PRODUCTS_DIR; };
		B7B372672B41B18000D81D07 /* LiarGameTests.swift */ = {isa = PBXFileReference; lastKnownFileType = sourcecode.swift; path = LiarGameTests.swift; sourceTree = "<group>"; };
		B7B3726D2B41B18000D81D07 /* LiarGameUITests.xctest */ = {isa = PBXFileReference; explicitFileType = wrapper.cfbundle; includeInIndex = 0; path = LiarGameUITests.xctest; sourceTree = BUILT_PRODUCTS_DIR; };
		B7B372712B41B18000D81D07 /* LiarGameUITests.swift */ = {isa = PBXFileReference; lastKnownFileType = sourcecode.swift; path = LiarGameUITests.swift; sourceTree = "<group>"; };
		B7B372732B41B18000D81D07 /* LiarGameUITestsLaunchTests.swift */ = {isa = PBXFileReference; lastKnownFileType = sourcecode.swift; path = LiarGameUITestsLaunchTests.swift; sourceTree = "<group>"; };
		B7B372882B41C11200D81D07 /* CornerButton.swift */ = {isa = PBXFileReference; lastKnownFileType = sourcecode.swift; path = CornerButton.swift; sourceTree = "<group>"; };
		B7B3728E2B41C9FC00D81D07 /* HomeViewModel.swift */ = {isa = PBXFileReference; lastKnownFileType = sourcecode.swift; path = HomeViewModel.swift; sourceTree = "<group>"; };
		B7B372922B41CAC700D81D07 /* LiarPath.swift */ = {isa = PBXFileReference; lastKnownFileType = sourcecode.swift; path = LiarPath.swift; sourceTree = "<group>"; };
		B7B372962B41CC9C00D81D07 /* CreateRoomView.swift */ = {isa = PBXFileReference; lastKnownFileType = sourcecode.swift; path = CreateRoomView.swift; sourceTree = "<group>"; };
		B7B372982B41CCA300D81D07 /* ConnectRoomView.swift */ = {isa = PBXFileReference; lastKnownFileType = sourcecode.swift; path = ConnectRoomView.swift; sourceTree = "<group>"; };
		B7B3729B2B41CE3B00D81D07 /* CustomNaivgationBar.swift */ = {isa = PBXFileReference; lastKnownFileType = sourcecode.swift; path = CustomNaivgationBar.swift; sourceTree = "<group>"; };
		B7CD8D2B2B48437200E1DB20 /* InfoSettingTextField.swift */ = {isa = PBXFileReference; lastKnownFileType = sourcecode.swift; path = InfoSettingTextField.swift; sourceTree = "<group>"; };
		B7CD8D2D2B4843ED00E1DB20 /* CreateRoomViewModel.swift */ = {isa = PBXFileReference; lastKnownFileType = sourcecode.swift; path = CreateRoomViewModel.swift; sourceTree = "<group>"; };
		B7CD8D2F2B484D2700E1DB20 /* ConnectRoomViewModel.swift */ = {isa = PBXFileReference; lastKnownFileType = sourcecode.swift; path = ConnectRoomViewModel.swift; sourceTree = "<group>"; };
		B7CD8D362B49617900E1DB20 /* ChatRoomView.swift */ = {isa = PBXFileReference; lastKnownFileType = sourcecode.swift; path = ChatRoomView.swift; sourceTree = "<group>"; };
		B7CD8D382B49617F00E1DB20 /* ChatRoomViewModel.swift */ = {isa = PBXFileReference; lastKnownFileType = sourcecode.swift; path = ChatRoomViewModel.swift; sourceTree = "<group>"; };
		B7CD8D3A2B497E1500E1DB20 /* User.swift */ = {isa = PBXFileReference; lastKnownFileType = sourcecode.swift; path = User.swift; sourceTree = "<group>"; };
/* End PBXFileReference section */

/* Begin PBXFrameworksBuildPhase section */
		B7B372502B41B17F00D81D07 /* Frameworks */ = {
			isa = PBXFrameworksBuildPhase;
			buildActionMask = 2147483647;
			files = (
				B7CD8D342B49311E00E1DB20 /* Socket in Frameworks */,
			);
			runOnlyForDeploymentPostprocessing = 0;
		};
		B7B372602B41B18000D81D07 /* Frameworks */ = {
			isa = PBXFrameworksBuildPhase;
			buildActionMask = 2147483647;
			files = (
			);
			runOnlyForDeploymentPostprocessing = 0;
		};
		B7B3726A2B41B18000D81D07 /* Frameworks */ = {
			isa = PBXFrameworksBuildPhase;
			buildActionMask = 2147483647;
			files = (
			);
			runOnlyForDeploymentPostprocessing = 0;
		};
/* End PBXFrameworksBuildPhase section */

/* Begin PBXGroup section */
		B7B3724A2B41B17F00D81D07 = {
			isa = PBXGroup;
			children = (
				B7B372552B41B17F00D81D07 /* LiarGame */,
				B7B372662B41B18000D81D07 /* LiarGameTests */,
				B7B372702B41B18000D81D07 /* LiarGameUITests */,
				B7B372542B41B17F00D81D07 /* Products */,
				B7CD8D322B49311E00E1DB20 /* Frameworks */,
			);
			sourceTree = "<group>";
		};
		B7B372542B41B17F00D81D07 /* Products */ = {
			isa = PBXGroup;
			children = (
				B7B372532B41B17F00D81D07 /* LiarGame.app */,
				B7B372632B41B18000D81D07 /* LiarGameTests.xctest */,
				B7B3726D2B41B18000D81D07 /* LiarGameUITests.xctest */,
			);
			name = Products;
			sourceTree = "<group>";
		};
		B7B372552B41B17F00D81D07 /* LiarGame */ = {
			isa = PBXGroup;
			children = (
				B7B372902B41CA5F00D81D07 /* Core */,
				B7B372862B41C0CC00D81D07 /* Component */,
				B7B372842B41BFBE00D81D07 /* Feature */,
				B7B372832B41BFB000D81D07 /* App */,
				B7B3725A2B41B18000D81D07 /* Assets.xcassets */,
				B7B3725C2B41B18000D81D07 /* Preview Content */,
			);
			path = LiarGame;
			sourceTree = "<group>";
		};
		B7B3725C2B41B18000D81D07 /* Preview Content */ = {
			isa = PBXGroup;
			children = (
				B7B3725D2B41B18000D81D07 /* Preview Assets.xcassets */,
			);
			path = "Preview Content";
			sourceTree = "<group>";
		};
		B7B372662B41B18000D81D07 /* LiarGameTests */ = {
			isa = PBXGroup;
			children = (
				B7B372672B41B18000D81D07 /* LiarGameTests.swift */,
			);
			path = LiarGameTests;
			sourceTree = "<group>";
		};
		B7B372702B41B18000D81D07 /* LiarGameUITests */ = {
			isa = PBXGroup;
			children = (
				B7B372712B41B18000D81D07 /* LiarGameUITests.swift */,
				B7B372732B41B18000D81D07 /* LiarGameUITestsLaunchTests.swift */,
			);
			path = LiarGameUITests;
			sourceTree = "<group>";
		};
		B7B372832B41BFB000D81D07 /* App */ = {
			isa = PBXGroup;
			children = (
				B7B372562B41B17F00D81D07 /* RootApp.swift */,
			);
			path = App;
			sourceTree = "<group>";
		};
		B7B372842B41BFBE00D81D07 /* Feature */ = {
			isa = PBXGroup;
			children = (
				B7B372852B41C02300D81D07 /* Home */,
			);
			path = Feature;
			sourceTree = "<group>";
		};
		B7B372852B41C02300D81D07 /* Home */ = {
			isa = PBXGroup;
			children = (
				B7CD8D352B49613000E1DB20 /* ChatRoom */,
				B7B372952B41CC9100D81D07 /* ConnectRoom */,
				B7B372942B41CC8800D81D07 /* CreateRoom */,
				B7B372582B41B17F00D81D07 /* HomeView.swift */,
				B7B3728E2B41C9FC00D81D07 /* HomeViewModel.swift */,
			);
			path = Home;
			sourceTree = "<group>";
		};
		B7B372862B41C0CC00D81D07 /* Component */ = {
			isa = PBXGroup;
			children = (
				B7CD8D2A2B48435C00E1DB20 /* TextField */,
				B7B3729A2B41CE1200D81D07 /* NavigationBar */,
				B7B372872B41C0E200D81D07 /* Button */,
			);
			path = Component;
			sourceTree = "<group>";
		};
		B7B372872B41C0E200D81D07 /* Button */ = {
			isa = PBXGroup;
			children = (
				B7B372882B41C11200D81D07 /* CornerButton.swift */,
			);
			path = Button;
			sourceTree = "<group>";
		};
		B7B372902B41CA5F00D81D07 /* Core */ = {
			isa = PBXGroup;
			children = (
				B7CD8D3E2B49835100E1DB20 /* Model */,
				B7B372912B41CABC00D81D07 /* Navigation */,
			);
			path = Core;
			sourceTree = "<group>";
		};
		B7B372912B41CABC00D81D07 /* Navigation */ = {
			isa = PBXGroup;
			children = (
				B7B372922B41CAC700D81D07 /* LiarPath.swift */,
			);
			path = Navigation;
			sourceTree = "<group>";
		};
		B7B372942B41CC8800D81D07 /* CreateRoom */ = {
			isa = PBXGroup;
			children = (
				B7B372962B41CC9C00D81D07 /* CreateRoomView.swift */,
				B7CD8D2D2B4843ED00E1DB20 /* CreateRoomViewModel.swift */,
			);
			path = CreateRoom;
			sourceTree = "<group>";
		};
		B7B372952B41CC9100D81D07 /* ConnectRoom */ = {
			isa = PBXGroup;
			children = (
				B7B372982B41CCA300D81D07 /* ConnectRoomView.swift */,
				B7CD8D2F2B484D2700E1DB20 /* ConnectRoomViewModel.swift */,
			);
			path = ConnectRoom;
			sourceTree = "<group>";
		};
		B7B3729A2B41CE1200D81D07 /* NavigationBar */ = {
			isa = PBXGroup;
			children = (
				B7B3729B2B41CE3B00D81D07 /* CustomNaivgationBar.swift */,
			);
			path = NavigationBar;
			sourceTree = "<group>";
		};
		B7CD8D2A2B48435C00E1DB20 /* TextField */ = {
			isa = PBXGroup;
			children = (
				B7CD8D2B2B48437200E1DB20 /* InfoSettingTextField.swift */,
			);
			path = TextField;
			sourceTree = "<group>";
		};
		B7CD8D322B49311E00E1DB20 /* Frameworks */ = {
			isa = PBXGroup;
			children = (
			);
			name = Frameworks;
			sourceTree = "<group>";
		};
		B7CD8D352B49613000E1DB20 /* ChatRoom */ = {
			isa = PBXGroup;
			children = (
				B7CD8D362B49617900E1DB20 /* ChatRoomView.swift */,
				B7CD8D382B49617F00E1DB20 /* ChatRoomViewModel.swift */,
			);
			path = ChatRoom;
			sourceTree = "<group>";
		};
		B7CD8D3E2B49835100E1DB20 /* Model */ = {
			isa = PBXGroup;
			children = (
				B7CD8D3A2B497E1500E1DB20 /* User.swift */,
			);
			path = Model;
			sourceTree = "<group>";
		};
/* End PBXGroup section */

/* Begin PBXNativeTarget section */
		B7B372522B41B17F00D81D07 /* LiarGame */ = {
			isa = PBXNativeTarget;
			buildConfigurationList = B7B372772B41B18000D81D07 /* Build configuration list for PBXNativeTarget "LiarGame" */;
			buildPhases = (
				B7B3724F2B41B17F00D81D07 /* Sources */,
				B7B372502B41B17F00D81D07 /* Frameworks */,
				B7B372512B41B17F00D81D07 /* Resources */,
			);
			buildRules = (
			);
			dependencies = (
			);
			name = LiarGame;
			packageProductDependencies = (
				B7CD8D332B49311E00E1DB20 /* Socket */,
			);
			productName = LiarGame;
			productReference = B7B372532B41B17F00D81D07 /* LiarGame.app */;
			productType = "com.apple.product-type.application";
		};
		B7B372622B41B18000D81D07 /* LiarGameTests */ = {
			isa = PBXNativeTarget;
			buildConfigurationList = B7B3727A2B41B18000D81D07 /* Build configuration list for PBXNativeTarget "LiarGameTests" */;
			buildPhases = (
				B7B3725F2B41B18000D81D07 /* Sources */,
				B7B372602B41B18000D81D07 /* Frameworks */,
				B7B372612B41B18000D81D07 /* Resources */,
			);
			buildRules = (
			);
			dependencies = (
				B7B372652B41B18000D81D07 /* PBXTargetDependency */,
			);
			name = LiarGameTests;
			productName = LiarGameTests;
			productReference = B7B372632B41B18000D81D07 /* LiarGameTests.xctest */;
			productType = "com.apple.product-type.bundle.unit-test";
		};
		B7B3726C2B41B18000D81D07 /* LiarGameUITests */ = {
			isa = PBXNativeTarget;
			buildConfigurationList = B7B3727D2B41B18000D81D07 /* Build configuration list for PBXNativeTarget "LiarGameUITests" */;
			buildPhases = (
				B7B372692B41B18000D81D07 /* Sources */,
				B7B3726A2B41B18000D81D07 /* Frameworks */,
				B7B3726B2B41B18000D81D07 /* Resources */,
			);
			buildRules = (
			);
			dependencies = (
				B7B3726F2B41B18000D81D07 /* PBXTargetDependency */,
			);
			name = LiarGameUITests;
			productName = LiarGameUITests;
			productReference = B7B3726D2B41B18000D81D07 /* LiarGameUITests.xctest */;
			productType = "com.apple.product-type.bundle.ui-testing";
		};
/* End PBXNativeTarget section */

/* Begin PBXProject section */
		B7B3724B2B41B17F00D81D07 /* Project object */ = {
			isa = PBXProject;
			attributes = {
				BuildIndependentTargetsInParallel = 1;
				LastSwiftUpdateCheck = 1500;
				LastUpgradeCheck = 1500;
				TargetAttributes = {
					B7B372522B41B17F00D81D07 = {
						CreatedOnToolsVersion = 15.0.1;
					};
					B7B372622B41B18000D81D07 = {
						CreatedOnToolsVersion = 15.0.1;
						TestTargetID = B7B372522B41B17F00D81D07;
					};
					B7B3726C2B41B18000D81D07 = {
						CreatedOnToolsVersion = 15.0.1;
						TestTargetID = B7B372522B41B17F00D81D07;
					};
				};
			};
			buildConfigurationList = B7B3724E2B41B17F00D81D07 /* Build configuration list for PBXProject "LiarGame" */;
			compatibilityVersion = "Xcode 14.0";
			developmentRegion = en;
			hasScannedForEncodings = 0;
			knownRegions = (
				en,
				Base,
			);
			mainGroup = B7B3724A2B41B17F00D81D07;
			packageReferences = (
				B7CD8D312B49261700E1DB20 /* XCRemoteSwiftPackageReference "BlueSocket" */,
			);
			productRefGroup = B7B372542B41B17F00D81D07 /* Products */;
			projectDirPath = "";
			projectRoot = "";
			targets = (
				B7B372522B41B17F00D81D07 /* LiarGame */,
				B7B372622B41B18000D81D07 /* LiarGameTests */,
				B7B3726C2B41B18000D81D07 /* LiarGameUITests */,
			);
		};
/* End PBXProject section */

/* Begin PBXResourcesBuildPhase section */
		B7B372512B41B17F00D81D07 /* Resources */ = {
			isa = PBXResourcesBuildPhase;
			buildActionMask = 2147483647;
			files = (
				B7B3725E2B41B18000D81D07 /* Preview Assets.xcassets in Resources */,
				B7B3725B2B41B18000D81D07 /* Assets.xcassets in Resources */,
			);
			runOnlyForDeploymentPostprocessing = 0;
		};
		B7B372612B41B18000D81D07 /* Resources */ = {
			isa = PBXResourcesBuildPhase;
			buildActionMask = 2147483647;
			files = (
			);
			runOnlyForDeploymentPostprocessing = 0;
		};
		B7B3726B2B41B18000D81D07 /* Resources */ = {
			isa = PBXResourcesBuildPhase;
			buildActionMask = 2147483647;
			files = (
			);
			runOnlyForDeploymentPostprocessing = 0;
		};
/* End PBXResourcesBuildPhase section */

/* Begin PBXSourcesBuildPhase section */
		B7B3724F2B41B17F00D81D07 /* Sources */ = {
			isa = PBXSourcesBuildPhase;
			buildActionMask = 2147483647;
			files = (
				B7B372992B41CCA300D81D07 /* ConnectRoomView.swift in Sources */,
				B7B372592B41B17F00D81D07 /* HomeView.swift in Sources */,
				B7B372572B41B17F00D81D07 /* RootApp.swift in Sources */,
				B7B3728F2B41C9FC00D81D07 /* HomeViewModel.swift in Sources */,
				B7B3729C2B41CE3B00D81D07 /* CustomNaivgationBar.swift in Sources */,
				B7CD8D392B49617F00E1DB20 /* ChatRoomViewModel.swift in Sources */,
				B7CD8D372B49617900E1DB20 /* ChatRoomView.swift in Sources */,
				B7B372972B41CC9C00D81D07 /* CreateRoomView.swift in Sources */,
				B7CD8D3B2B497E1500E1DB20 /* User.swift in Sources */,
				B7B372932B41CAC700D81D07 /* LiarPath.swift in Sources */,
				B7CD8D302B484D2700E1DB20 /* ConnectRoomViewModel.swift in Sources */,
				B7B372892B41C11200D81D07 /* CornerButton.swift in Sources */,
				B7CD8D2C2B48437200E1DB20 /* InfoSettingTextField.swift in Sources */,
				B7CD8D2E2B4843ED00E1DB20 /* CreateRoomViewModel.swift in Sources */,
			);
			runOnlyForDeploymentPostprocessing = 0;
		};
		B7B3725F2B41B18000D81D07 /* Sources */ = {
			isa = PBXSourcesBuildPhase;
			buildActionMask = 2147483647;
			files = (
				B7B372682B41B18000D81D07 /* LiarGameTests.swift in Sources */,
			);
			runOnlyForDeploymentPostprocessing = 0;
		};
		B7B372692B41B18000D81D07 /* Sources */ = {
			isa = PBXSourcesBuildPhase;
			buildActionMask = 2147483647;
			files = (
				B7B372742B41B18000D81D07 /* LiarGameUITestsLaunchTests.swift in Sources */,
				B7B372722B41B18000D81D07 /* LiarGameUITests.swift in Sources */,
			);
			runOnlyForDeploymentPostprocessing = 0;
		};
/* End PBXSourcesBuildPhase section */

/* Begin PBXTargetDependency section */
		B7B372652B41B18000D81D07 /* PBXTargetDependency */ = {
			isa = PBXTargetDependency;
			target = B7B372522B41B17F00D81D07 /* LiarGame */;
			targetProxy = B7B372642B41B18000D81D07 /* PBXContainerItemProxy */;
		};
		B7B3726F2B41B18000D81D07 /* PBXTargetDependency */ = {
			isa = PBXTargetDependency;
			target = B7B372522B41B17F00D81D07 /* LiarGame */;
			targetProxy = B7B3726E2B41B18000D81D07 /* PBXContainerItemProxy */;
		};
/* End PBXTargetDependency section */

/* Begin XCBuildConfiguration section */
		B7B372752B41B18000D81D07 /* Debug */ = {
			isa = XCBuildConfiguration;
			buildSettings = {
				ALWAYS_SEARCH_USER_PATHS = NO;
				ASSETCATALOG_COMPILER_GENERATE_SWIFT_ASSET_SYMBOL_EXTENSIONS = YES;
				CLANG_ANALYZER_NONNULL = YES;
				CLANG_ANALYZER_NUMBER_OBJECT_CONVERSION = YES_AGGRESSIVE;
				CLANG_CXX_LANGUAGE_STANDARD = "gnu++20";
				CLANG_ENABLE_MODULES = YES;
				CLANG_ENABLE_OBJC_ARC = YES;
				CLANG_ENABLE_OBJC_WEAK = YES;
				CLANG_WARN_BLOCK_CAPTURE_AUTORELEASING = YES;
				CLANG_WARN_BOOL_CONVERSION = YES;
				CLANG_WARN_COMMA = YES;
				CLANG_WARN_CONSTANT_CONVERSION = YES;
				CLANG_WARN_DEPRECATED_OBJC_IMPLEMENTATIONS = YES;
				CLANG_WARN_DIRECT_OBJC_ISA_USAGE = YES_ERROR;
				CLANG_WARN_DOCUMENTATION_COMMENTS = YES;
				CLANG_WARN_EMPTY_BODY = YES;
				CLANG_WARN_ENUM_CONVERSION = YES;
				CLANG_WARN_INFINITE_RECURSION = YES;
				CLANG_WARN_INT_CONVERSION = YES;
				CLANG_WARN_NON_LITERAL_NULL_CONVERSION = YES;
				CLANG_WARN_OBJC_IMPLICIT_RETAIN_SELF = YES;
				CLANG_WARN_OBJC_LITERAL_CONVERSION = YES;
				CLANG_WARN_OBJC_ROOT_CLASS = YES_ERROR;
				CLANG_WARN_QUOTED_INCLUDE_IN_FRAMEWORK_HEADER = YES;
				CLANG_WARN_RANGE_LOOP_ANALYSIS = YES;
				CLANG_WARN_STRICT_PROTOTYPES = YES;
				CLANG_WARN_SUSPICIOUS_MOVE = YES;
				CLANG_WARN_UNGUARDED_AVAILABILITY = YES_AGGRESSIVE;
				CLANG_WARN_UNREACHABLE_CODE = YES;
				CLANG_WARN__DUPLICATE_METHOD_MATCH = YES;
				COPY_PHASE_STRIP = NO;
				DEBUG_INFORMATION_FORMAT = dwarf;
				ENABLE_STRICT_OBJC_MSGSEND = YES;
				ENABLE_TESTABILITY = YES;
				ENABLE_USER_SCRIPT_SANDBOXING = YES;
				GCC_C_LANGUAGE_STANDARD = gnu17;
				GCC_DYNAMIC_NO_PIC = NO;
				GCC_NO_COMMON_BLOCKS = YES;
				GCC_OPTIMIZATION_LEVEL = 0;
				GCC_PREPROCESSOR_DEFINITIONS = (
					"DEBUG=1",
					"$(inherited)",
				);
				GCC_WARN_64_TO_32_BIT_CONVERSION = YES;
				GCC_WARN_ABOUT_RETURN_TYPE = YES_ERROR;
				GCC_WARN_UNDECLARED_SELECTOR = YES;
				GCC_WARN_UNINITIALIZED_AUTOS = YES_AGGRESSIVE;
				GCC_WARN_UNUSED_FUNCTION = YES;
				GCC_WARN_UNUSED_VARIABLE = YES;
				IPHONEOS_DEPLOYMENT_TARGET = 17.0;
				LOCALIZATION_PREFERS_STRING_CATALOGS = YES;
				MTL_ENABLE_DEBUG_INFO = INCLUDE_SOURCE;
				MTL_FAST_MATH = YES;
				ONLY_ACTIVE_ARCH = YES;
				SDKROOT = iphoneos;
				SWIFT_ACTIVE_COMPILATION_CONDITIONS = "DEBUG $(inherited)";
				SWIFT_OPTIMIZATION_LEVEL = "-Onone";
			};
			name = Debug;
		};
		B7B372762B41B18000D81D07 /* Release */ = {
			isa = XCBuildConfiguration;
			buildSettings = {
				ALWAYS_SEARCH_USER_PATHS = NO;
				ASSETCATALOG_COMPILER_GENERATE_SWIFT_ASSET_SYMBOL_EXTENSIONS = YES;
				CLANG_ANALYZER_NONNULL = YES;
				CLANG_ANALYZER_NUMBER_OBJECT_CONVERSION = YES_AGGRESSIVE;
				CLANG_CXX_LANGUAGE_STANDARD = "gnu++20";
				CLANG_ENABLE_MODULES = YES;
				CLANG_ENABLE_OBJC_ARC = YES;
				CLANG_ENABLE_OBJC_WEAK = YES;
				CLANG_WARN_BLOCK_CAPTURE_AUTORELEASING = YES;
				CLANG_WARN_BOOL_CONVERSION = YES;
				CLANG_WARN_COMMA = YES;
				CLANG_WARN_CONSTANT_CONVERSION = YES;
				CLANG_WARN_DEPRECATED_OBJC_IMPLEMENTATIONS = YES;
				CLANG_WARN_DIRECT_OBJC_ISA_USAGE = YES_ERROR;
				CLANG_WARN_DOCUMENTATION_COMMENTS = YES;
				CLANG_WARN_EMPTY_BODY = YES;
				CLANG_WARN_ENUM_CONVERSION = YES;
				CLANG_WARN_INFINITE_RECURSION = YES;
				CLANG_WARN_INT_CONVERSION = YES;
				CLANG_WARN_NON_LITERAL_NULL_CONVERSION = YES;
				CLANG_WARN_OBJC_IMPLICIT_RETAIN_SELF = YES;
				CLANG_WARN_OBJC_LITERAL_CONVERSION = YES;
				CLANG_WARN_OBJC_ROOT_CLASS = YES_ERROR;
				CLANG_WARN_QUOTED_INCLUDE_IN_FRAMEWORK_HEADER = YES;
				CLANG_WARN_RANGE_LOOP_ANALYSIS = YES;
				CLANG_WARN_STRICT_PROTOTYPES = YES;
				CLANG_WARN_SUSPICIOUS_MOVE = YES;
				CLANG_WARN_UNGUARDED_AVAILABILITY = YES_AGGRESSIVE;
				CLANG_WARN_UNREACHABLE_CODE = YES;
				CLANG_WARN__DUPLICATE_METHOD_MATCH = YES;
				COPY_PHASE_STRIP = NO;
				DEBUG_INFORMATION_FORMAT = "dwarf-with-dsym";
				ENABLE_NS_ASSERTIONS = NO;
				ENABLE_STRICT_OBJC_MSGSEND = YES;
				ENABLE_USER_SCRIPT_SANDBOXING = YES;
				GCC_C_LANGUAGE_STANDARD = gnu17;
				GCC_NO_COMMON_BLOCKS = YES;
				GCC_WARN_64_TO_32_BIT_CONVERSION = YES;
				GCC_WARN_ABOUT_RETURN_TYPE = YES_ERROR;
				GCC_WARN_UNDECLARED_SELECTOR = YES;
				GCC_WARN_UNINITIALIZED_AUTOS = YES_AGGRESSIVE;
				GCC_WARN_UNUSED_FUNCTION = YES;
				GCC_WARN_UNUSED_VARIABLE = YES;
				IPHONEOS_DEPLOYMENT_TARGET = 17.0;
				LOCALIZATION_PREFERS_STRING_CATALOGS = YES;
				MTL_ENABLE_DEBUG_INFO = NO;
				MTL_FAST_MATH = YES;
				SDKROOT = iphoneos;
				SWIFT_COMPILATION_MODE = wholemodule;
				VALIDATE_PRODUCT = YES;
			};
			name = Release;
		};
		B7B372782B41B18000D81D07 /* Debug */ = {
			isa = XCBuildConfiguration;
			buildSettings = {
				ASSETCATALOG_COMPILER_APPICON_NAME = AppIcon;
				ASSETCATALOG_COMPILER_GLOBAL_ACCENT_COLOR_NAME = AccentColor;
				"CODE_SIGN_IDENTITY[sdk=iphoneos*]" = "iPhone Developer";
				CODE_SIGN_STYLE = Manual;
				CURRENT_PROJECT_VERSION = 1;
				DEVELOPMENT_ASSET_PATHS = "\"LiarGame/Preview Content\"";
				DEVELOPMENT_TEAM = "";
				"DEVELOPMENT_TEAM[sdk=iphoneos*]" = 7Z8W92S6YL;
				ENABLE_PREVIEWS = YES;
				GENERATE_INFOPLIST_FILE = YES;
				INFOPLIST_KEY_UIApplicationSceneManifest_Generation = YES;
				INFOPLIST_KEY_UIApplicationSupportsIndirectInputEvents = YES;
				INFOPLIST_KEY_UILaunchScreen_Generation = YES;
				INFOPLIST_KEY_UISupportedInterfaceOrientations = UIInterfaceOrientationPortrait;
				IPHONEOS_DEPLOYMENT_TARGET = 16.0;
				LD_RUNPATH_SEARCH_PATHS = (
					"$(inherited)",
					"@executable_path/Frameworks",
				);
				MARKETING_VERSION = 1.0;
				PRODUCT_BUNDLE_IDENTIFIER = Dongjun.LiarGame;
				PRODUCT_NAME = "$(TARGET_NAME)";
				PROVISIONING_PROFILE_SPECIFIER = "";
				"PROVISIONING_PROFILE_SPECIFIER[sdk=iphoneos*]" = LiarGame;
				SUPPORTED_PLATFORMS = "iphoneos iphonesimulator";
				SUPPORTS_MACCATALYST = NO;
				SUPPORTS_MAC_DESIGNED_FOR_IPHONE_IPAD = NO;
				SWIFT_EMIT_LOC_STRINGS = YES;
				SWIFT_VERSION = 5.0;
				TARGETED_DEVICE_FAMILY = 1;
			};
			name = Debug;
		};
		B7B372792B41B18000D81D07 /* Release */ = {
			isa = XCBuildConfiguration;
			buildSettings = {
				ASSETCATALOG_COMPILER_APPICON_NAME = AppIcon;
				ASSETCATALOG_COMPILER_GLOBAL_ACCENT_COLOR_NAME = AccentColor;
				"CODE_SIGN_IDENTITY[sdk=iphoneos*]" = "iPhone Developer";
				CODE_SIGN_STYLE = Manual;
				CURRENT_PROJECT_VERSION = 1;
				DEVELOPMENT_ASSET_PATHS = "\"LiarGame/Preview Content\"";
				DEVELOPMENT_TEAM = "";
				"DEVELOPMENT_TEAM[sdk=iphoneos*]" = 7Z8W92S6YL;
				ENABLE_PREVIEWS = YES;
				GENERATE_INFOPLIST_FILE = YES;
				INFOPLIST_KEY_UIApplicationSceneManifest_Generation = YES;
				INFOPLIST_KEY_UIApplicationSupportsIndirectInputEvents = YES;
				INFOPLIST_KEY_UILaunchScreen_Generation = YES;
				INFOPLIST_KEY_UISupportedInterfaceOrientations = UIInterfaceOrientationPortrait;
				IPHONEOS_DEPLOYMENT_TARGET = 16.0;
				LD_RUNPATH_SEARCH_PATHS = (
					"$(inherited)",
					"@executable_path/Frameworks",
				);
				MARKETING_VERSION = 1.0;
				PRODUCT_BUNDLE_IDENTIFIER = Dongjun.LiarGame;
				PRODUCT_NAME = "$(TARGET_NAME)";
				PROVISIONING_PROFILE_SPECIFIER = "";
				"PROVISIONING_PROFILE_SPECIFIER[sdk=iphoneos*]" = LiarGame;
				SUPPORTED_PLATFORMS = "iphoneos iphonesimulator";
				SUPPORTS_MACCATALYST = NO;
				SUPPORTS_MAC_DESIGNED_FOR_IPHONE_IPAD = NO;
				SWIFT_EMIT_LOC_STRINGS = YES;
				SWIFT_VERSION = 5.0;
				TARGETED_DEVICE_FAMILY = 1;
			};
			name = Release;
		};
		B7B3727B2B41B18000D81D07 /* Debug */ = {
			isa = XCBuildConfiguration;
			buildSettings = {
				ALWAYS_EMBED_SWIFT_STANDARD_LIBRARIES = YES;
				BUNDLE_LOADER = "$(TEST_HOST)";
				CODE_SIGN_STYLE = Automatic;
				CURRENT_PROJECT_VERSION = 1;
				DEVELOPMENT_TEAM = 7Z8W92S6YL;
				GENERATE_INFOPLIST_FILE = YES;
				IPHONEOS_DEPLOYMENT_TARGET = 17.0;
				MARKETING_VERSION = 1.0;
				PRODUCT_BUNDLE_IDENTIFIER = Dongjun.LiarGameTests;
				PRODUCT_NAME = "$(TARGET_NAME)";
				SWIFT_EMIT_LOC_STRINGS = NO;
				SWIFT_VERSION = 5.0;
				TARGETED_DEVICE_FAMILY = "1,2";
				TEST_HOST = "$(BUILT_PRODUCTS_DIR)/LiarGame.app/$(BUNDLE_EXECUTABLE_FOLDER_PATH)/LiarGame";
			};
			name = Debug;
		};
		B7B3727C2B41B18000D81D07 /* Release */ = {
			isa = XCBuildConfiguration;
			buildSettings = {
				ALWAYS_EMBED_SWIFT_STANDARD_LIBRARIES = YES;
				BUNDLE_LOADER = "$(TEST_HOST)";
				CODE_SIGN_STYLE = Automatic;
				CURRENT_PROJECT_VERSION = 1;
				DEVELOPMENT_TEAM = 7Z8W92S6YL;
				GENERATE_INFOPLIST_FILE = YES;
				IPHONEOS_DEPLOYMENT_TARGET = 17.0;
				MARKETING_VERSION = 1.0;
				PRODUCT_BUNDLE_IDENTIFIER = Dongjun.LiarGameTests;
				PRODUCT_NAME = "$(TARGET_NAME)";
				SWIFT_EMIT_LOC_STRINGS = NO;
				SWIFT_VERSION = 5.0;
				TARGETED_DEVICE_FAMILY = "1,2";
				TEST_HOST = "$(BUILT_PRODUCTS_DIR)/LiarGame.app/$(BUNDLE_EXECUTABLE_FOLDER_PATH)/LiarGame";
			};
			name = Release;
		};
		B7B3727E2B41B18000D81D07 /* Debug */ = {
			isa = XCBuildConfiguration;
			buildSettings = {
				ALWAYS_EMBED_SWIFT_STANDARD_LIBRARIES = YES;
				CODE_SIGN_STYLE = Automatic;
				CURRENT_PROJECT_VERSION = 1;
				DEVELOPMENT_TEAM = 7Z8W92S6YL;
				GENERATE_INFOPLIST_FILE = YES;
				MARKETING_VERSION = 1.0;
				PRODUCT_BUNDLE_IDENTIFIER = Dongjun.LiarGameUITests;
				PRODUCT_NAME = "$(TARGET_NAME)";
				SWIFT_EMIT_LOC_STRINGS = NO;
				SWIFT_VERSION = 5.0;
				TARGETED_DEVICE_FAMILY = "1,2";
				TEST_TARGET_NAME = LiarGame;
			};
			name = Debug;
		};
		B7B3727F2B41B18000D81D07 /* Release */ = {
			isa = XCBuildConfiguration;
			buildSettings = {
				ALWAYS_EMBED_SWIFT_STANDARD_LIBRARIES = YES;
				CODE_SIGN_STYLE = Automatic;
				CURRENT_PROJECT_VERSION = 1;
				DEVELOPMENT_TEAM = 7Z8W92S6YL;
				GENERATE_INFOPLIST_FILE = YES;
				MARKETING_VERSION = 1.0;
				PRODUCT_BUNDLE_IDENTIFIER = Dongjun.LiarGameUITests;
				PRODUCT_NAME = "$(TARGET_NAME)";
				SWIFT_EMIT_LOC_STRINGS = NO;
				SWIFT_VERSION = 5.0;
				TARGETED_DEVICE_FAMILY = "1,2";
				TEST_TARGET_NAME = LiarGame;
			};
			name = Release;
		};
/* End XCBuildConfiguration section */

/* Begin XCConfigurationList section */
		B7B3724E2B41B17F00D81D07 /* Build configuration list for PBXProject "LiarGame" */ = {
			isa = XCConfigurationList;
			buildConfigurations = (
				B7B372752B41B18000D81D07 /* Debug */,
				B7B372762B41B18000D81D07 /* Release */,
			);
			defaultConfigurationIsVisible = 0;
			defaultConfigurationName = Release;
		};
		B7B372772B41B18000D81D07 /* Build configuration list for PBXNativeTarget "LiarGame" */ = {
			isa = XCConfigurationList;
			buildConfigurations = (
				B7B372782B41B18000D81D07 /* Debug */,
				B7B372792B41B18000D81D07 /* Release */,
			);
			defaultConfigurationIsVisible = 0;
			defaultConfigurationName = Release;
		};
		B7B3727A2B41B18000D81D07 /* Build configuration list for PBXNativeTarget "LiarGameTests" */ = {
			isa = XCConfigurationList;
			buildConfigurations = (
				B7B3727B2B41B18000D81D07 /* Debug */,
				B7B3727C2B41B18000D81D07 /* Release */,
			);
			defaultConfigurationIsVisible = 0;
			defaultConfigurationName = Release;
		};
		B7B3727D2B41B18000D81D07 /* Build configuration list for PBXNativeTarget "LiarGameUITests" */ = {
			isa = XCConfigurationList;
			buildConfigurations = (
				B7B3727E2B41B18000D81D07 /* Debug */,
				B7B3727F2B41B18000D81D07 /* Release */,
			);
			defaultConfigurationIsVisible = 0;
			defaultConfigurationName = Release;
		};
/* End XCConfigurationList section */

/* Begin XCRemoteSwiftPackageReference section */
		B7CD8D312B49261700E1DB20 /* XCRemoteSwiftPackageReference "BlueSocket" */ = {
			isa = XCRemoteSwiftPackageReference;
			repositoryURL = "https://github.com/Kitura/BlueSocket";
			requirement = {
				kind = upToNextMajorVersion;
				minimumVersion = 2.0.4;
			};
		};
/* End XCRemoteSwiftPackageReference section */

/* Begin XCSwiftPackageProductDependency section */
		B7CD8D332B49311E00E1DB20 /* Socket */ = {
			isa = XCSwiftPackageProductDependency;
			package = B7CD8D312B49261700E1DB20 /* XCRemoteSwiftPackageReference "BlueSocket" */;
			productName = Socket;
		};
/* End XCSwiftPackageProductDependency section */
	};
	rootObject = B7B3724B2B41B17F00D81D07 /* Project object */;
}
